
Microsoft Visual Studio Solution File, Format Version 12.00
# Visual Studio Version 16
VisualStudioVersion = 16.0.28803.202
MinimumVisualStudioVersion = 10.0.40219.1
Project("{9A19103F-16F7-4668-BE54-9A1E7A4F7556}") = "CourseManager.API", "CourseManager.API\CourseManager.API.csproj", "{D8036168-DB48-40CF-AAC3-82204B2CE759}"
EndProject
Global
	GlobalSection(SolutionConfigurationPlatforms) = preSolution
		Debug|Any CPU = Debug|Any CPU
		Release|Any CPU = Release|Any CPU
	EndGlobalSection
	GlobalSection(ProjectConfigurationPlatforms) = postSolution
		{D8036168-DB48-40CF-AAC3-82204B2CE759}.Debug|Any CPU.ActiveCfg = Debug|Any CPU
		{D8036168-DB48-40CF-AAC3-82204B2CE759}.Debug|Any CPU.Build.0 = Debug|Any CPU
		{D8036168-DB48-40CF-AAC3-82204B2CE759}.Release|Any CPU.ActiveCfg = Release|Any CPU
		{D8036168-DB48-40CF-AAC3-82204B2CE759}.Release|Any CPU.Build.0 = Release|Any CPU
	EndGlobalSection
	GlobalSection(SolutionProperties) = preSolution
		HideSolutionNode = FALSE
	EndGlobalSection
	GlobalSection(ExtensibilityGlobals) = postSolution
		SolutionGuid = {6F82F08B-6C39-4811-86FB-C9D69A4CD375}
	EndGlobalSection
EndGlobal
